
Microsoft Visual Studio Solution File, Format Version 12.00
# Visual Studio Version 17
VisualStudioVersion = 17.4.33110.190
MinimumVisualStudioVersion = 10.0.40219.1
Project("{FAE04EC0-301F-11D3-BF4B-00C04F79EFBC}") = "MiceDetect", "MiceDetect.csproj", "{998AC876-0429-46B4-8B42-FD75B2D90269}"
EndProject
Global
	GlobalSection(SolutionConfigurationPlatforms) = preSolution
		Debug|Any CPU = Debug|Any CPU
		Release|Any CPU = Release|Any CPU
	EndGlobalSection
	GlobalSection(ProjectConfigurationPlatforms) = postSolution
		{998AC876-0429-46B4-8B42-FD75B2D90269}.Debug|Any CPU.ActiveCfg = Debug|Any CPU
		{998AC876-0429-46B4-8B42-FD75B2D90269}.Debug|Any CPU.Build.0 = Debug|Any CPU
		{998AC876-0429-46B4-8B42-FD75B2D90269}.Release|Any CPU.ActiveCfg = Release|Any CPU
		{998AC876-0429-46B4-8B42-FD75B2D90269}.Release|Any CPU.Build.0 = Release|Any CPU
	EndGlobalSection
	GlobalSection(SolutionProperties) = preSolution
		HideSolutionNode = FALSE
	EndGlobalSection
	GlobalSection(ExtensibilityGlobals) = postSolution
		SolutionGuid = {F7F5A298-085C-4AC8-9F63-F825D853FA75}
	EndGlobalSection
EndGlobal
